{
  "name": "mix-dom-ui-tools",
  "version": "1.0.0",
  "lockfileVersion": 3,
  "requires": true,
  "packages": {
    "": {
      "name": "mix-dom-ui-tools",
      "version": "1.0.0",
      "license": "MIT",
      "dependencies": {
        "mix-dom": "^4.0.0"
      },
      "devDependencies": {
        "typescript": "^5.6.3"
      }
    },
    "node_modules/data-memo": {
      "version": "1.0.1",
      "resolved": "https://registry.npmjs.org/data-memo/-/data-memo-1.0.1.tgz",
      "integrity": "sha512-h243KrsTLCTeJlu6rztBAtDLBE2bqboNKNJG6PSO+y2NAeDTLRDKwmBk6KMz9R6N46bonlDmsNPaIxLaSbVTrA=="
    },
    "node_modules/data-signals": {
      "version": "1.1.0",
      "resolved": "https://registry.npmjs.org/data-signals/-/data-signals-1.1.0.tgz",
      "integrity": "sha512-n6tvhfqcwIBE34+29Pnr3AN/NyXTwDkKAIOuLgKu92Lx7K2gpSYvYBLt3a26JzRWHB0S1Jvnqa/i1lHofkDNyA==",
      "dependencies": {
        "mixin-types": "~1.1.0"
      }
    },
    "node_modules/dom-types": {
      "version": "1.0.0",
      "resolved": "https://registry.npmjs.org/dom-types/-/dom-types-1.0.0.tgz",
      "integrity": "sha512-Lxdl/bhGOfN06OAkcGeYr4U5ieeYHmHvn3WZ93HCj9ajMqM38GifpCRwXPnPoT0DZsxX74XSJotF0p9Rex4t0g=="
    },
    "node_modules/mix-dom": {
      "version": "4.0.0",
      "resolved": "https://registry.npmjs.org/mix-dom/-/mix-dom-4.0.0.tgz",
      "integrity": "sha512-aW+YDG45jXJAxZSNzqZ3SDQuF3MyIQyWe4+OUUD/vXygmKreLHozSAc1zN6scFQJllk9RVkJjbeauRZHe4IQnA==",
      "dependencies": {
        "data-memo": "~1.0.1",
        "data-signals": "~1.1.0",
        "dom-types": "~1.0.0",
        "mixin-types": "~1.1.0"
      }
    },
    "node_modules/mixin-types": {
      "version": "1.1.0",
      "resolved": "https://registry.npmjs.org/mixin-types/-/mixin-types-1.1.0.tgz",
      "integrity": "sha512-1BDgODg6Bz9OIZEhXnkElvr5+tg/cea45jq5ki3igRYLuKQZvb+aSHQTBw5x3T86H0KBHOcnq5xanW+iwY457A=="
    },
    "node_modules/typescript": {
      "version": "5.6.3",
      "resolved": "https://registry.npmjs.org/typescript/-/typescript-5.6.3.tgz",
      "integrity": "sha512-hjcS1mhfuyi4WW8IWtjP7brDrG2cuDZukyrYrSauoXGNgx0S7zceP07adYkJycEr56BOUTNPzbInooiN3fn1qw==",
      "dev": true,
      "bin": {
        "tsc": "bin/tsc",
        "tsserver": "bin/tsserver"
      },
      "engines": {
        "node": ">=14.17"
      }
    }
  }
}
